# THIS IS AN AUTOGENERATED FILE. DO NOT EDIT THIS FILE DIRECTLY.
# yarn lockfile v1


easystarjs@^0.4.4:
  version "0.4.4"
  resolved "https://registry.yarnpkg.com/easystarjs/-/easystarjs-0.4.4.tgz#8cec6d20d0d8660715da0301d1da440370a8f40a"
  integrity sha512-ZSt0TkB8xuIXRIrKsM3jkmk1/cZUtyvf0DqOXf6wuKq9slx9UA5kkLtiaWhtmOQFJFKdabbvXwk6RO0znghArQ==
  dependencies:
    heap "0.2.6"

heap@0.2.6:
  version "0.2.6"
  resolved "https://registry.yarnpkg.com/heap/-/heap-0.2.6.tgz#087e1f10b046932fc8594dd9e6d378afc9d1e5ac"
  integrity sha512-MzzWcnfB1e4EG2vHi3dXHoBupmuXNZzx6pY6HldVS55JKKBoq3xOyzfSaZRkJp37HIhEYC78knabHff3zc4dQQ==
